// !$*UTF8*$!
{
	archiveVersion = 1;
	classes = {
	};
	objectVersion = 77;
	objects = {

/* Begin PBXContainerItemProxy section */
		D2BCC8E52CBA9DA40038714E /* PBXContainerItemProxy */ = {
			isa = PBXContainerItemProxy;
			containerPortal = D2BCC8CC2CBA9DA10038714E /* Project object */;
			proxyType = 1;
			remoteGlobalIDString = D2BCC8D32CBA9DA10038714E;
			remoteInfo = "Snacks Store";
		};
		D2BCC8EF2CBA9DA40038714E /* PBXContainerItemProxy */ = {
			isa = PBXContainerItemProxy;
			containerPortal = D2BCC8CC2CBA9DA10038714E /* Project object */;
			proxyType = 1;
			remoteGlobalIDString = D2BCC8D32CBA9DA10038714E;
			remoteInfo = "Snacks Store";
		};
/* End PBXContainerItemProxy section */

/* Begin PBXFileReference section */
		D2BCC8D42CBA9DA10038714E /* Snacks Store.app */ = {isa = PBXFileReference; explicitFileType = wrapper.application; includeInIndex = 0; path = "Snacks Store.app"; sourceTree = BUILT_PRODUCTS_DIR; };
		D2BCC8E42CBA9DA40038714E /* Snacks StoreTests.xctest */ = {isa = PBXFileReference; explicitFileType = wrapper.cfbundle; includeInIndex = 0; path = "Snacks StoreTests.xctest"; sourceTree = BUILT_PRODUCTS_DIR; };
		D2BCC8EE2CBA9DA40038714E /* Snacks StoreUITests.xctest */ = {isa = PBXFileReference; explicitFileType = wrapper.cfbundle; includeInIndex = 0; path = "Snacks StoreUITests.xctest"; sourceTree = BUILT_PRODUCTS_DIR; };
/* End PBXFileReference section */

/* Begin PBXFileSystemSynchronizedRootGroup section */
		D2BCC8D62CBA9DA10038714E /* Snacks Store */ = {
			isa = PBXFileSystemSynchronizedRootGroup;
			path = "Snacks Store";
			sourceTree = "<group>";
		};
		D2BCC8E72CBA9DA40038714E /* Snacks StoreTests */ = {
			isa = PBXFileSystemSynchronizedRootGroup;
			path = "Snacks StoreTests";
			sourceTree = "<group>";
		};
		D2BCC8F12CBA9DA40038714E /* Snacks StoreUITests */ = {
			isa = PBXFileSystemSynchronizedRootGroup;
			path = "Snacks StoreUITests";
			sourceTree = "<group>";
		};
/* End PBXFileSystemSynchronizedRootGroup section */

/* Begin PBXFrameworksBuildPhase section */
		D2BCC8D12CBA9DA10038714E /* Frameworks */ = {
			isa = PBXFrameworksBuildPhase;
			buildActionMask = 2147483647;
			files = (
			);
			runOnlyForDeploymentPostprocessing = 0;
		};
		D2BCC8E12CBA9DA40038714E /* Frameworks */ = {
			isa = PBXFrameworksBuildPhase;
			buildActionMask = 2147483647;
			files = (
			);
			runOnlyForDeploymentPostprocessing = 0;
		};
		D2BCC8EB2CBA9DA40038714E /* Frameworks */ = {
			isa = PBXFrameworksBuildPhase;
			buildActionMask = 2147483647;
			files = (
			);
			runOnlyForDeploymentPostprocessing = 0;
		};
/* End PBXFrameworksBuildPhase section */

/* Begin PBXGroup section */
		D2BCC8CB2CBA9DA10038714E = {
			isa = PBXGroup;
			children = (
				D2BCC8D62CBA9DA10038714E /* Snacks Store */,
				D2BCC8E72CBA9DA40038714E /* Snacks StoreTests */,
				D2BCC8F12CBA9DA40038714E /* Snacks StoreUITests */,
				D2BCC8D52CBA9DA10038714E /* Products */,
			);
			sourceTree = "<group>";
		};
		D2BCC8D52CBA9DA10038714E /* Products */ = {
			isa = PBXGroup;
			children = (
				D2BCC8D42CBA9DA10038714E /* Snacks Store.app */,
				D2BCC8E42CBA9DA40038714E /* Snacks StoreTests.xctest */,
				D2BCC8EE2CBA9DA40038714E /* Snacks StoreUITests.xctest */,
			);
			name = Products;
			sourceTree = "<group>";
		};
/* End PBXGroup section */

/* Begin PBXNativeTarget section */
		D2BCC8D32CBA9DA10038714E /* Snacks Store */ = {
			isa = PBXNativeTarget;
			buildConfigurationList = D2BCC8F82CBA9DA40038714E /* Build configuration list for PBXNativeTarget "Snacks Store" */;
			buildPhases = (
				D2BCC8D02CBA9DA10038714E /* Sources */,
				D2BCC8D12CBA9DA10038714E /* Frameworks */,
				D2BCC8D22CBA9DA10038714E /* Resources */,
			);
			buildRules = (
			);
			dependencies = (
			);
			fileSystemSynchronizedGroups = (
				D2BCC8D62CBA9DA10038714E /* Snacks Store */,
			);
			name = "Snacks Store";
			packageProductDependencies = (
			);
			productName = "Snacks Store";
			productReference = D2BCC8D42CBA9DA10038714E /* Snacks Store.app */;
			productType = "com.apple.product-type.application";
		};
		D2BCC8E32CBA9DA40038714E /* Snacks StoreTests */ = {
			isa = PBXNativeTarget;
			buildConfigurationList = D2BCC8FB2CBA9DA40038714E /* Build configuration list for PBXNativeTarget "Snacks StoreTests" */;
			buildPhases = (
				D2BCC8E02CBA9DA40038714E /* Sources */,
				D2BCC8E12CBA9DA40038714E /* Frameworks */,
				D2BCC8E22CBA9DA40038714E /* Resources */,
			);
			buildRules = (
			);
			dependencies = (
				D2BCC8E62CBA9DA40038714E /* PBXTargetDependency */,
			);
			fileSystemSynchronizedGroups = (
				D2BCC8E72CBA9DA40038714E /* Snacks StoreTests */,
			);
			name = "Snacks StoreTests";
			packageProductDependencies = (
			);
			productName = "Snacks StoreTests";
			productReference = D2BCC8E42CBA9DA40038714E /* Snacks StoreTests.xctest */;
			productType = "com.apple.product-type.bundle.unit-test";
		};
		D2BCC8ED2CBA9DA40038714E /* Snacks StoreUITests */ = {
			isa = PBXNativeTarget;
			buildConfigurationList = D2BCC8FE2CBA9DA40038714E /* Build configuration list for PBXNativeTarget "Snacks StoreUITests" */;
			buildPhases = (
				D2BCC8EA2CBA9DA40038714E /* Sources */,
				D2BCC8EB2CBA9DA40038714E /* Frameworks */,
				D2BCC8EC2CBA9DA40038714E /* Resources */,
			);
			buildRules = (
			);
			dependencies = (
				D2BCC8F02CBA9DA40038714E /* PBXTargetDependency */,
			);
			fileSystemSynchronizedGroups = (
				D2BCC8F12CBA9DA40038714E /* Snacks StoreUITests */,
			);
			name = "Snacks StoreUITests";
			packageProductDependencies = (
			);
			productName = "Snacks StoreUITests";
			productReference = D2BCC8EE2CBA9DA40038714E /* Snacks StoreUITests.xctest */;
			productType = "com.apple.product-type.bundle.ui-testing";
		};
/* End PBXNativeTarget section */

/* Begin PBXProject section */
		D2BCC8CC2CBA9DA10038714E /* Project object */ = {
			isa = PBXProject;
			attributes = {
				BuildIndependentTargetsInParallel = 1;
				LastSwiftUpdateCheck = 1600;
				LastUpgradeCheck = 1600;
				TargetAttributes = {
					D2BCC8D32CBA9DA10038714E = {
						CreatedOnToolsVersion = 16.0;
					};
					D2BCC8E32CBA9DA40038714E = {
						CreatedOnToolsVersion = 16.0;
						TestTargetID = D2BCC8D32CBA9DA10038714E;
					};
					D2BCC8ED2CBA9DA40038714E = {
						CreatedOnToolsVersion = 16.0;
						TestTargetID = D2BCC8D32CBA9DA10038714E;
					};
				};
			};
			buildConfigurationList = D2BCC8CF2CBA9DA10038714E /* Build configuration list for PBXProject "Snacks Store" */;
			developmentRegion = en;
			hasScannedForEncodings = 0;
			knownRegions = (
				en,
				Base,
			);
			mainGroup = D2BCC8CB2CBA9DA10038714E;
			minimizedProjectReferenceProxies = 1;
			preferredProjectObjectVersion = 77;
			productRefGroup = D2BCC8D52CBA9DA10038714E /* Products */;
			projectDirPath = "";
			projectRoot = "";
			targets = (
				D2BCC8D32CBA9DA10038714E /* Snacks Store */,
				D2BCC8E32CBA9DA40038714E /* Snacks StoreTests */,
				D2BCC8ED2CBA9DA40038714E /* Snacks StoreUITests */,
			);
		};
/* End PBXProject section */

/* Begin PBXResourcesBuildPhase section */
		D2BCC8D22CBA9DA10038714E /* Resources */ = {
			isa = PBXResourcesBuildPhase;
			buildActionMask = 2147483647;
			files = (
			);
			runOnlyForDeploymentPostprocessing = 0;
		};
		D2BCC8E22CBA9DA40038714E /* Resources */ = {
			isa = PBXResourcesBuildPhase;
			buildActionMask = 2147483647;
			files = (
			);
			runOnlyForDeploymentPostprocessing = 0;
		};
		D2BCC8EC2CBA9DA40038714E /* Resources */ = {
			isa = PBXResourcesBuildPhase;
			buildActionMask = 2147483647;
			files = (
			);
			runOnlyForDeploymentPostprocessing = 0;
		};
/* End PBXResourcesBuildPhase section */

/* Begin PBXSourcesBuildPhase section */
		D2BCC8D02CBA9DA10038714E /* Sources */ = {
			isa = PBXSourcesBuildPhase;
			buildActionMask = 2147483647;
			files = (
			);
			runOnlyForDeploymentPostprocessing = 0;
		};
		D2BCC8E02CBA9DA40038714E /* Sources */ = {
			isa = PBXSourcesBuildPhase;
			buildActionMask = 2147483647;
			files = (
			);
			runOnlyForDeploymentPostprocessing = 0;
		};
		D2BCC8EA2CBA9DA40038714E /* Sources */ = {
			isa = PBXSourcesBuildPhase;
			buildActionMask = 2147483647;
			files = (
			);
			runOnlyForDeploymentPostprocessing = 0;
		};
/* End PBXSourcesBuildPhase section */

/* Begin PBXTargetDependency section */
		D2BCC8E62CBA9DA40038714E /* PBXTargetDependency */ = {
			isa = PBXTargetDependency;
			target = D2BCC8D32CBA9DA10038714E /* Snacks Store */;
			targetProxy = D2BCC8E52CBA9DA40038714E /* PBXContainerItemProxy */;
		};
		D2BCC8F02CBA9DA40038714E /* PBXTargetDependency */ = {
			isa = PBXTargetDependency;
			target = D2BCC8D32CBA9DA10038714E /* Snacks Store */;
			targetProxy = D2BCC8EF2CBA9DA40038714E /* PBXContainerItemProxy */;
		};
/* End PBXTargetDependency section */

/* Begin XCBuildConfiguration section */
		D2BCC8F62CBA9DA40038714E /* Debug */ = {
			isa = XCBuildConfiguration;
			buildSettings = {
				ALWAYS_SEARCH_USER_PATHS = NO;
				ASSETCATALOG_COMPILER_GENERATE_SWIFT_ASSET_SYMBOL_EXTENSIONS = YES;
				CLANG_ANALYZER_NONNULL = YES;
				CLANG_ANALYZER_NUMBER_OBJECT_CONVERSION = YES_AGGRESSIVE;
				CLANG_CXX_LANGUAGE_STANDARD = "gnu++20";
				CLANG_ENABLE_MODULES = YES;
				CLANG_ENABLE_OBJC_ARC = YES;
				CLANG_ENABLE_OBJC_WEAK = YES;
				CLANG_WARN_BLOCK_CAPTURE_AUTORELEASING = YES;
				CLANG_WARN_BOOL_CONVERSION = YES;
				CLANG_WARN_COMMA = YES;
				CLANG_WARN_CONSTANT_CONVERSION = YES;
				CLANG_WARN_DEPRECATED_OBJC_IMPLEMENTATIONS = YES;
				CLANG_WARN_DIRECT_OBJC_ISA_USAGE = YES_ERROR;
				CLANG_WARN_DOCUMENTATION_COMMENTS = YES;
				CLANG_WARN_EMPTY_BODY = YES;
				CLANG_WARN_ENUM_CONVERSION = YES;
				CLANG_WARN_INFINITE_RECURSION = YES;
				CLANG_WARN_INT_CONVERSION = YES;
				CLANG_WARN_NON_LITERAL_NULL_CONVERSION = YES;
				CLANG_WARN_OBJC_IMPLICIT_RETAIN_SELF = YES;
				CLANG_WARN_OBJC_LITERAL_CONVERSION = YES;
				CLANG_WARN_OBJC_ROOT_CLASS = YES_ERROR;
				CLANG_WARN_QUOTED_INCLUDE_IN_FRAMEWORK_HEADER = YES;
				CLANG_WARN_RANGE_LOOP_ANALYSIS = YES;
				CLANG_WARN_STRICT_PROTOTYPES = YES;
				CLANG_WARN_SUSPICIOUS_MOVE = YES;
				CLANG_WARN_UNGUARDED_AVAILABILITY = YES_AGGRESSIVE;
				CLANG_WARN_UNREACHABLE_CODE = YES;
				CLANG_WARN__DUPLICATE_METHOD_MATCH = YES;
				COPY_PHASE_STRIP = NO;
				DEBUG_INFORMATION_FORMAT = dwarf;
				ENABLE_STRICT_OBJC_MSGSEND = YES;
				ENABLE_TESTABILITY = YES;
				ENABLE_USER_SCRIPT_SANDBOXING = YES;
				GCC_C_LANGUAGE_STANDARD = gnu17;
				GCC_DYNAMIC_NO_PIC = NO;
				GCC_NO_COMMON_BLOCKS = YES;
				GCC_OPTIMIZATION_LEVEL = 0;
				GCC_PREPROCESSOR_DEFINITIONS = (
					"DEBUG=1",
					"$(inherited)",
				);
				GCC_WARN_64_TO_32_BIT_CONVERSION = YES;
				GCC_WARN_ABOUT_RETURN_TYPE = YES_ERROR;
				GCC_WARN_UNDECLARED_SELECTOR = YES;
				GCC_WARN_UNINITIALIZED_AUTOS = YES_AGGRESSIVE;
				GCC_WARN_UNUSED_FUNCTION = YES;
				GCC_WARN_UNUSED_VARIABLE = YES;
				IPHONEOS_DEPLOYMENT_TARGET = 18.0;
				LOCALIZATION_PREFERS_STRING_CATALOGS = YES;
				MTL_ENABLE_DEBUG_INFO = INCLUDE_SOURCE;
				MTL_FAST_MATH = YES;
				ONLY_ACTIVE_ARCH = YES;
				SDKROOT = iphoneos;
				SWIFT_ACTIVE_COMPILATION_CONDITIONS = "DEBUG $(inherited)";
				SWIFT_OPTIMIZATION_LEVEL = "-Onone";
			};
			name = Debug;
		};
		D2BCC8F72CBA9DA40038714E /* Release */ = {
			isa = XCBuildConfiguration;
			buildSettings = {
				ALWAYS_SEARCH_USER_PATHS = NO;
				ASSETCATALOG_COMPILER_GENERATE_SWIFT_ASSET_SYMBOL_EXTENSIONS = YES;
				CLANG_ANALYZER_NONNULL = YES;
				CLANG_ANALYZER_NUMBER_OBJECT_CONVERSION = YES_AGGRESSIVE;
				CLANG_CXX_LANGUAGE_STANDARD = "gnu++20";
				CLANG_ENABLE_MODULES = YES;
				CLANG_ENABLE_OBJC_ARC = YES;
				CLANG_ENABLE_OBJC_WEAK = YES;
				CLANG_WARN_BLOCK_CAPTURE_AUTORELEASING = YES;
				CLANG_WARN_BOOL_CONVERSION = YES;
				CLANG_WARN_COMMA = YES;
				CLANG_WARN_CONSTANT_CONVERSION = YES;
				CLANG_WARN_DEPRECATED_OBJC_IMPLEMENTATIONS = YES;
				CLANG_WARN_DIRECT_OBJC_ISA_USAGE = YES_ERROR;
				CLANG_WARN_DOCUMENTATION_COMMENTS = YES;
				CLANG_WARN_EMPTY_BODY = YES;
				CLANG_WARN_ENUM_CONVERSION = YES;
				CLANG_WARN_INFINITE_RECURSION = YES;
				CLANG_WARN_INT_CONVERSION = YES;
				CLANG_WARN_NON_LITERAL_NULL_CONVERSION = YES;
				CLANG_WARN_OBJC_IMPLICIT_RETAIN_SELF = YES;
				CLANG_WARN_OBJC_LITERAL_CONVERSION = YES;
				CLANG_WARN_OBJC_ROOT_CLASS = YES_ERROR;
				CLANG_WARN_QUOTED_INCLUDE_IN_FRAMEWORK_HEADER = YES;
				CLANG_WARN_RANGE_LOOP_ANALYSIS = YES;
				CLANG_WARN_STRICT_PROTOTYPES = YES;
				CLANG_WARN_SUSPICIOUS_MOVE = YES;
				CLANG_WARN_UNGUARDED_AVAILABILITY = YES_AGGRESSIVE;
				CLANG_WARN_UNREACHABLE_CODE = YES;
				CLANG_WARN__DUPLICATE_METHOD_MATCH = YES;
				COPY_PHASE_STRIP = NO;
				DEBUG_INFORMATION_FORMAT = "dwarf-with-dsym";
				ENABLE_NS_ASSERTIONS = NO;
				ENABLE_STRICT_OBJC_MSGSEND = YES;
				ENABLE_USER_SCRIPT_SANDBOXING = YES;
				GCC_C_LANGUAGE_STANDARD = gnu17;
				GCC_NO_COMMON_BLOCKS = YES;
				GCC_WARN_64_TO_32_BIT_CONVERSION = YES;
				GCC_WARN_ABOUT_RETURN_TYPE = YES_ERROR;
				GCC_WARN_UNDECLARED_SELECTOR = YES;
				GCC_WARN_UNINITIALIZED_AUTOS = YES_AGGRESSIVE;
				GCC_WARN_UNUSED_FUNCTION = YES;
				GCC_WARN_UNUSED_VARIABLE = YES;
				IPHONEOS_DEPLOYMENT_TARGET = 18.0;
				LOCALIZATION_PREFERS_STRING_CATALOGS = YES;
				MTL_ENABLE_DEBUG_INFO = NO;
				MTL_FAST_MATH = YES;
				SDKROOT = iphoneos;
				SWIFT_COMPILATION_MODE = wholemodule;
				VALIDATE_PRODUCT = YES;
			};
			name = Release;
		};
		D2BCC8F92CBA9DA40038714E /* Debug */ = {
			isa = XCBuildConfiguration;
			buildSettings = {
				ASSETCATALOG_COMPILER_APPICON_NAME = AppIcon;
				ASSETCATALOG_COMPILER_GLOBAL_ACCENT_COLOR_NAME = AccentColor;
				CODE_SIGN_STYLE = Automatic;
				CURRENT_PROJECT_VERSION = 1;
				DEVELOPMENT_ASSET_PATHS = "\"Snacks Store/Preview Content\"";
				DEVELOPMENT_TEAM = 62938G5WDK;
				ENABLE_PREVIEWS = YES;
				GENERATE_INFOPLIST_FILE = YES;
				INFOPLIST_KEY_UIApplicationSceneManifest_Generation = YES;
				INFOPLIST_KEY_UIApplicationSupportsIndirectInputEvents = YES;
				INFOPLIST_KEY_UILaunchScreen_Generation = YES;
				INFOPLIST_KEY_UISupportedInterfaceOrientations_iPad = "UIInterfaceOrientationPortrait UIInterfaceOrientationPortraitUpsideDown UIInterfaceOrientationLandscapeLeft UIInterfaceOrientationLandscapeRight";
				INFOPLIST_KEY_UISupportedInterfaceOrientations_iPhone = "UIInterfaceOrientationPortrait UIInterfaceOrientationLandscapeLeft UIInterfaceOrientationLandscapeRight";
				IPHONEOS_DEPLOYMENT_TARGET = 16.6;
				LD_RUNPATH_SEARCH_PATHS = (
					"$(inherited)",
					"@executable_path/Frameworks",
				);
				MARKETING_VERSION = 1.0;
				PRODUCT_BUNDLE_IDENTIFIER = "com.webnotics.Snacks-Store";
				PRODUCT_NAME = "$(TARGET_NAME)";
				SWIFT_EMIT_LOC_STRINGS = YES;
				SWIFT_VERSION = 5.0;
				TARGETED_DEVICE_FAMILY = "1,2";
			};
			name = Debug;
		};
		D2BCC8FA2CBA9DA40038714E /* Release */ = {
			isa = XCBuildConfiguration;
			buildSettings = {
				ASSETCATALOG_COMPILER_APPICON_NAME = AppIcon;
				ASSETCATALOG_COMPILER_GLOBAL_ACCENT_COLOR_NAME = AccentColor;
				CODE_SIGN_STYLE = Automatic;
				CURRENT_PROJECT_VERSION = 1;
				DEVELOPMENT_ASSET_PATHS = "\"Snacks Store/Preview Content\"";
				DEVELOPMENT_TEAM = 62938G5WDK;
				ENABLE_PREVIEWS = YES;
				GENERATE_INFOPLIST_FILE = YES;
				INFOPLIST_KEY_UIApplicationSceneManifest_Generation = YES;
				INFOPLIST_KEY_UIApplicationSupportsIndirectInputEvents = YES;
				INFOPLIST_KEY_UILaunchScreen_Generation = YES;
				INFOPLIST_KEY_UISupportedInterfaceOrientations_iPad = "UIInterfaceOrientationPortrait UIInterfaceOrientationPortraitUpsideDown UIInterfaceOrientationLandscapeLeft UIInterfaceOrientationLandscapeRight";
				INFOPLIST_KEY_UISupportedInterfaceOrientations_iPhone = "UIInterfaceOrientationPortrait UIInterfaceOrientationLandscapeLeft UIInterfaceOrientationLandscapeRight";
				IPHONEOS_DEPLOYMENT_TARGET = 16.6;
				LD_RUNPATH_SEARCH_PATHS = (
					"$(inherited)",
					"@executable_path/Frameworks",
				);
				MARKETING_VERSION = 1.0;
				PRODUCT_BUNDLE_IDENTIFIER = "com.webnotics.Snacks-Store";
				PRODUCT_NAME = "$(TARGET_NAME)";
				SWIFT_EMIT_LOC_STRINGS = YES;
				SWIFT_VERSION = 5.0;
				TARGETED_DEVICE_FAMILY = "1,2";
			};
			name = Release;
		};
		D2BCC8FC2CBA9DA40038714E /* Debug */ = {
			isa = XCBuildConfiguration;
			buildSettings = {
				BUNDLE_LOADER = "$(TEST_HOST)";
				CODE_SIGN_STYLE = Automatic;
				CURRENT_PROJECT_VERSION = 1;
				GENERATE_INFOPLIST_FILE = YES;
				IPHONEOS_DEPLOYMENT_TARGET = 18.0;
				MARKETING_VERSION = 1.0;
				PRODUCT_BUNDLE_IDENTIFIER = "com.webnotics.Snacks-StoreTests";
				PRODUCT_NAME = "$(TARGET_NAME)";
				SWIFT_EMIT_LOC_STRINGS = NO;
				SWIFT_VERSION = 5.0;
				TARGETED_DEVICE_FAMILY = "1,2";
				TEST_HOST = "$(BUILT_PRODUCTS_DIR)/Snacks Store.app/$(BUNDLE_EXECUTABLE_FOLDER_PATH)/Snacks Store";
			};
			name = Debug;
		};
		D2BCC8FD2CBA9DA40038714E /* Release */ = {
			isa = XCBuildConfiguration;
			buildSettings = {
				BUNDLE_LOADER = "$(TEST_HOST)";
				CODE_SIGN_STYLE = Automatic;
				CURRENT_PROJECT_VERSION = 1;
				GENERATE_INFOPLIST_FILE = YES;
				IPHONEOS_DEPLOYMENT_TARGET = 18.0;
				MARKETING_VERSION = 1.0;
				PRODUCT_BUNDLE_IDENTIFIER = "com.webnotics.Snacks-StoreTests";
				PRODUCT_NAME = "$(TARGET_NAME)";
				SWIFT_EMIT_LOC_STRINGS = NO;
				SWIFT_VERSION = 5.0;
				TARGETED_DEVICE_FAMILY = "1,2";
				TEST_HOST = "$(BUILT_PRODUCTS_DIR)/Snacks Store.app/$(BUNDLE_EXECUTABLE_FOLDER_PATH)/Snacks Store";
			};
			name = Release;
		};
		D2BCC8FF2CBA9DA40038714E /* Debug */ = {
			isa = XCBuildConfiguration;
			buildSettings = {
				CODE_SIGN_STYLE = Automatic;
				CURRENT_PROJECT_VERSION = 1;
				GENERATE_INFOPLIST_FILE = YES;
				MARKETING_VERSION = 1.0;
				PRODUCT_BUNDLE_IDENTIFIER = "com.webnotics.Snacks-StoreUITests";
				PRODUCT_NAME = "$(TARGET_NAME)";
				SWIFT_EMIT_LOC_STRINGS = NO;
				SWIFT_VERSION = 5.0;
				TARGETED_DEVICE_FAMILY = "1,2";
				TEST_TARGET_NAME = "Snacks Store";
			};
			name = Debug;
		};
		D2BCC9002CBA9DA40038714E /* Release */ = {
			isa = XCBuildConfiguration;
			buildSettings = {
				CODE_SIGN_STYLE = Automatic;
				CURRENT_PROJECT_VERSION = 1;
				GENERATE_INFOPLIST_FILE = YES;
				MARKETING_VERSION = 1.0;
				PRODUCT_BUNDLE_IDENTIFIER = "com.webnotics.Snacks-StoreUITests";
				PRODUCT_NAME = "$(TARGET_NAME)";
				SWIFT_EMIT_LOC_STRINGS = NO;
				SWIFT_VERSION = 5.0;
				TARGETED_DEVICE_FAMILY = "1,2";
				TEST_TARGET_NAME = "Snacks Store";
			};
			name = Release;
		};
/* End XCBuildConfiguration section */

/* Begin XCConfigurationList section */
		D2BCC8CF2CBA9DA10038714E /* Build configuration list for PBXProject "Snacks Store" */ = {
			isa = XCConfigurationList;
			buildConfigurations = (
				D2BCC8F62CBA9DA40038714E /* Debug */,
				D2BCC8F72CBA9DA40038714E /* Release */,
			);
			defaultConfigurationIsVisible = 0;
			defaultConfigurationName = Release;
		};
		D2BCC8F82CBA9DA40038714E /* Build configuration list for PBXNativeTarget "Snacks Store" */ = {
			isa = XCConfigurationList;
			buildConfigurations = (
				D2BCC8F92CBA9DA40038714E /* Debug */,
				D2BCC8FA2CBA9DA40038714E /* Release */,
			);
			defaultConfigurationIsVisible = 0;
			defaultConfigurationName = Release;
		};
		D2BCC8FB2CBA9DA40038714E /* Build configuration list for PBXNativeTarget "Snacks StoreTests" */ = {
			isa = XCConfigurationList;
			buildConfigurations = (
				D2BCC8FC2CBA9DA40038714E /* Debug */,
				D2BCC8FD2CBA9DA40038714E /* Release */,
			);
			defaultConfigurationIsVisible = 0;
			defaultConfigurationName = Release;
		};
		D2BCC8FE2CBA9DA40038714E /* Build configuration list for PBXNativeTarget "Snacks StoreUITests" */ = {
			isa = XCConfigurationList;
			buildConfigurations = (
				D2BCC8FF2CBA9DA40038714E /* Debug */,
				D2BCC9002CBA9DA40038714E /* Release */,
			);
			defaultConfigurationIsVisible = 0;
			defaultConfigurationName = Release;
		};
/* End XCConfigurationList section */
	};
	rootObject = D2BCC8CC2CBA9DA10038714E /* Project object */;
}
